{
  "name": "@sergiocastrovale/hubstaff-design-tokens",
  "version": "0.1.0",
  "lockfileVersion": 1,
  "requires": true,
  "dependencies": {
    "@carbon/colors": {
      "version": "10.37.1",
      "resolved": "https://registry.npmjs.org/@carbon/colors/-/colors-10.37.1.tgz",
      "integrity": "sha512-Bst1o2RGB0Fpdd2p9y+2fl2oxtXuI0RiVhxKBChKOPZkeBJZTWj1jNgQuNK1ZALHWGX9rL75i7tJmhlXbukfmA=="
    }
  }
}
