# THIS IS AN AUTOGENERATED FILE. DO NOT EDIT THIS FILE DIRECTLY.
# yarn lockfile v1


"@carbon/colors@^10.37.1":
  version "10.37.1"
  resolved "https://registry.yarnpkg.com/@carbon/colors/-/colors-10.37.1.tgz#6e5a62fedb256bab56873f7b42985b515521b856"
  integrity sha512-Bst1o2RGB0Fpdd2p9y+2fl2oxtXuI0RiVhxKBChKOPZkeBJZTWj1jNgQuNK1ZALHWGX9rL75i7tJmhlXbukfmA==
